# THIS IS AN AUTOGENERATED FILE. DO NOT EDIT THIS FILE DIRECTLY.
# yarn lockfile v1


"bootstrap-asu@https://github.com/gios-asu/ASU-Web-Standards-Bootstrap":
  version "1.2.0"
  uid "7757d3fd1c75bba78f7ba51b15ccc5a6851b8b6a"
  resolved "https://github.com/gios-asu/ASU-Web-Standards-Bootstrap#7757d3fd1c75bba78f7ba51b15ccc5a6851b8b6a"

bootstrap@^3.3.7:
  version "3.3.7"
  resolved "https://registry.yarnpkg.com/bootstrap/-/bootstrap-3.3.7.tgz#5a389394549f23330875a3b150656574f8a9eb71"

font-awesome@^4.7.0:
  version "4.7.0"
  resolved "https://registry.yarnpkg.com/font-awesome/-/font-awesome-4.7.0.tgz#8fa8cf0411a1a31afd07b06d2902bb9fc815a133"

jquery@~2.2.4:
  version "2.2.4"
  resolved "https://registry.yarnpkg.com/jquery/-/jquery-2.2.4.tgz#2c89d6889b5eac522a7eea32c14521559c6cbf02"

"respondjs@https://github.com/scottjehl/Respond":
  version "1.4.2"
  resolved "https://github.com/scottjehl/Respond#9d91fd47eb59c11a80d570d4ea0beaa59cfc71bf"
